
Microsoft Visual Studio Solution File, Format Version 12.00
# Visual Studio Version 16
VisualStudioVersion = 16.0.34301.259
MinimumVisualStudioVersion = 10.0.40219.1
Project("{FAE04EC0-301F-11D3-BF4B-00C04F79EFBC}") = "zadanie 14", "zadanie 14\zadanie 14.csproj", "{60E4F978-9015-40C4-9782-797B1C9CB601}"
EndProject
Global
	GlobalSection(SolutionConfigurationPlatforms) = preSolution
		Debug|Any CPU = Debug|Any CPU
		Release|Any CPU = Release|Any CPU
	EndGlobalSection
	GlobalSection(ProjectConfigurationPlatforms) = postSolution
		{60E4F978-9015-40C4-9782-797B1C9CB601}.Debug|Any CPU.ActiveCfg = Debug|Any CPU
		{60E4F978-9015-40C4-9782-797B1C9CB601}.Debug|Any CPU.Build.0 = Debug|Any CPU
		{60E4F978-9015-40C4-9782-797B1C9CB601}.Release|Any CPU.ActiveCfg = Release|Any CPU
		{60E4F978-9015-40C4-9782-797B1C9CB601}.Release|Any CPU.Build.0 = Release|Any CPU
	EndGlobalSection
	GlobalSection(SolutionProperties) = preSolution
		HideSolutionNode = FALSE
	EndGlobalSection
	GlobalSection(ExtensibilityGlobals) = postSolution
		SolutionGuid = {ACD0C16F-15D6-473C-AEF8-950B459B3EE5}
	EndGlobalSection
EndGlobal
